// !$*UTF8*$!
{
	archiveVersion = 1;
	classes = {
	};
	objectVersion = 48;
	objects = {

/* Begin PBXBuildFile section */
		8F31CB0A2068E30200C077DA /* AppDelegate.m in Sources */ = {isa = PBXBuildFile; fileRef = 8F31CB092068E30200C077DA /* AppDelegate.m */; };
		8F31CB0D2068E30200C077DA /* ViewController.m in Sources */ = {isa = PBXBuildFile; fileRef = 8F31CB0C2068E30200C077DA /* ViewController.m */; };
		8F31CB102068E30200C077DA /* Main.storyboard in Resources */ = {isa = PBXBuildFile; fileRef = 8F31CB0E2068E30200C077DA /* Main.storyboard */; };
		8F31CB122068E30200C077DA /* Assets.xcassets in Resources */ = {isa = PBXBuildFile; fileRef = 8F31CB112068E30200C077DA /* Assets.xcassets */; };
		8F31CB152068E30200C077DA /* LaunchScreen.storyboard in Resources */ = {isa = PBXBuildFile; fileRef = 8F31CB132068E30200C077DA /* LaunchScreen.storyboard */; };
		8F31CB182068E30200C077DA /* main.m in Sources */ = {isa = PBXBuildFile; fileRef = 8F31CB172068E30200C077DA /* main.m */; };
		8F31CB202068E33B00C077DA /* MapKit.framework in Frameworks */ = {isa = PBXBuildFile; fileRef = 8F31CB1F2068E33B00C077DA /* MapKit.framework */; };
/* End PBXBuildFile section */

/* Begin PBXFileReference section */
		8F31CB052068E30200C077DA /* DemoMap.app */ = {isa = PBXFileReference; explicitFileType = wrapper.application; includeInIndex = 0; path = DemoMap.app; sourceTree = BUILT_PRODUCTS_DIR; };
		8F31CB082068E30200C077DA /* AppDelegate.h */ = {isa = PBXFileReference; lastKnownFileType = sourcecode.c.h; path = AppDelegate.h; sourceTree = "<group>"; };
		8F31CB092068E30200C077DA /* AppDelegate.m */ = {isa = PBXFileReference; lastKnownFileType = sourcecode.c.objc; path = AppDelegate.m; sourceTree = "<group>"; };
		8F31CB0B2068E30200C077DA /* ViewController.h */ = {isa = PBXFileReference; lastKnownFileType = sourcecode.c.h; path = ViewController.h; sourceTree = "<group>"; };
		8F31CB0C2068E30200C077DA /* ViewController.m */ = {isa = PBXFileReference; lastKnownFileType = sourcecode.c.objc; path = ViewController.m; sourceTree = "<group>"; };
		8F31CB0F2068E30200C077DA /* Base */ = {isa = PBXFileReference; lastKnownFileType = file.storyboard; name = Base; path = Base.lproj/Main.storyboard; sourceTree = "<group>"; };
		8F31CB112068E30200C077DA /* Assets.xcassets */ = {isa = PBXFileReference; lastKnownFileType = folder.assetcatalog; path = Assets.xcassets; sourceTree = "<group>"; };
		8F31CB142068E30200C077DA /* Base */ = {isa = PBXFileReference; lastKnownFileType = file.storyboard; name = Base; path = Base.lproj/LaunchScreen.storyboard; sourceTree = "<group>"; };
		8F31CB162068E30200C077DA /* Info.plist */ = {isa = PBXFileReference; lastKnownFileType = text.plist.xml; path = Info.plist; sourceTree = "<group>"; };
		8F31CB172068E30200C077DA /* main.m */ = {isa = PBXFileReference; lastKnownFileType = sourcecode.c.objc; path = main.m; sourceTree = "<group>"; };
		8F31CB1F2068E33B00C077DA /* MapKit.framework */ = {isa = PBXFileReference; lastKnownFileType = wrapper.framework; name = MapKit.framework; path = System/Library/Frameworks/MapKit.framework; sourceTree = SDKROOT; };
/* End PBXFileReference section */

/* Begin PBXFrameworksBuildPhase section */
		8F31CB022068E30200C077DA /* Frameworks */ = {
			isa = PBXFrameworksBuildPhase;
			buildActionMask = 2147483647;
			files = (
				8F31CB202068E33B00C077DA /* MapKit.framework in Frameworks */,
			);
			runOnlyForDeploymentPostprocessing = 0;
		};
/* End PBXFrameworksBuildPhase section */

/* Begin PBXGroup section */
		8F31CAFC2068E30200C077DA = {
			isa = PBXGroup;
			children = (
				8F31CB072068E30200C077DA /* DemoMap */,
				8F31CB062068E30200C077DA /* Products */,
				8F31CB1E2068E33B00C077DA /* Frameworks */,
			);
			sourceTree = "<group>";
		};
		8F31CB062068E30200C077DA /* Products */ = {
			isa = PBXGroup;
			children = (
				8F31CB052068E30200C077DA /* DemoMap.app */,
			);
			name = Products;
			sourceTree = "<group>";
		};
		8F31CB072068E30200C077DA /* DemoMap */ = {
			isa = PBXGroup;
			children = (
				8F31CB082068E30200C077DA /* AppDelegate.h */,
				8F31CB092068E30200C077DA /* AppDelegate.m */,
				8F31CB0B2068E30200C077DA /* ViewController.h */,
				8F31CB0C2068E30200C077DA /* ViewController.m */,
				8F31CB0E2068E30200C077DA /* Main.storyboard */,
				8F31CB112068E30200C077DA /* Assets.xcassets */,
				8F31CB132068E30200C077DA /* LaunchScreen.storyboard */,
				8F31CB162068E30200C077DA /* Info.plist */,
				8F31CB172068E30200C077DA /* main.m */,
			);
			path = DemoMap;
			sourceTree = "<group>";
		};
		8F31CB1E2068E33B00C077DA /* Frameworks */ = {
			isa = PBXGroup;
			children = (
				8F31CB1F2068E33B00C077DA /* MapKit.framework */,
			);
			name = Frameworks;
			sourceTree = "<group>";
		};
/* End PBXGroup section */

/* Begin PBXNativeTarget section */
		8F31CB042068E30200C077DA /* DemoMap */ = {
			isa = PBXNativeTarget;
			buildConfigurationList = 8F31CB1B2068E30200C077DA /* Build configuration list for PBXNativeTarget "DemoMap" */;
			buildPhases = (
				8F31CB012068E30200C077DA /* Sources */,
				8F31CB022068E30200C077DA /* Frameworks */,
				8F31CB032068E30200C077DA /* Resources */,
			);
			buildRules = (
			);
			dependencies = (
			);
			name = DemoMap;
			productName = DemoMap;
			productReference = 8F31CB052068E30200C077DA /* DemoMap.app */;
			productType = "com.apple.product-type.application";
		};
/* End PBXNativeTarget section */

/* Begin PBXProject section */
		8F31CAFD2068E30200C077DA /* Project object */ = {
			isa = PBXProject;
			attributes = {
				LastUpgradeCheck = 0920;
				ORGANIZATIONNAME = sunxiaoshan;
				TargetAttributes = {
					8F31CB042068E30200C077DA = {
						CreatedOnToolsVersion = 9.2;
						ProvisioningStyle = Automatic;
						SystemCapabilities = {
							com.apple.BackgroundModes = {
								enabled = 1;
							};
							com.apple.Maps.iOS = {
								enabled = 1;
							};
						};
					};
				};
			};
			buildConfigurationList = 8F31CB002068E30200C077DA /* Build configuration list for PBXProject "DemoMap" */;
			compatibilityVersion = "Xcode 8.0";
			developmentRegion = en;
			hasScannedForEncodings = 0;
			knownRegions = (
				en,
				Base,
			);
			mainGroup = 8F31CAFC2068E30200C077DA;
			productRefGroup = 8F31CB062068E30200C077DA /* Products */;
			projectDirPath = "";
			projectRoot = "";
			targets = (
				8F31CB042068E30200C077DA /* DemoMap */,
			);
		};
/* End PBXProject section */

/* Begin PBXResourcesBuildPhase section */
		8F31CB032068E30200C077DA /* Resources */ = {
			isa = PBXResourcesBuildPhase;
			buildActionMask = 2147483647;
			files = (
				8F31CB152068E30200C077DA /* LaunchScreen.storyboard in Resources */,
				8F31CB122068E30200C077DA /* Assets.xcassets in Resources */,
				8F31CB102068E30200C077DA /* Main.storyboard in Resources */,
			);
			runOnlyForDeploymentPostprocessing = 0;
		};
/* End PBXResourcesBuildPhase section */

/* Begin PBXSourcesBuildPhase section */
		8F31CB012068E30200C077DA /* Sources */ = {
			isa = PBXSourcesBuildPhase;
			buildActionMask = 2147483647;
			files = (
				8F31CB0D2068E30200C077DA /* ViewController.m in Sources */,
				8F31CB182068E30200C077DA /* main.m in Sources */,
				8F31CB0A2068E30200C077DA /* AppDelegate.m in Sources */,
			);
			runOnlyForDeploymentPostprocessing = 0;
		};
/* End PBXSourcesBuildPhase section */

/* Begin PBXVariantGroup section */
		8F31CB0E2068E30200C077DA /* Main.storyboard */ = {
			isa = PBXVariantGroup;
			children = (
				8F31CB0F2068E30200C077DA /* Base */,
			);
			name = Main.storyboard;
			sourceTree = "<group>";
		};
		8F31CB132068E30200C077DA /* LaunchScreen.storyboard */ = {
			isa = PBXVariantGroup;
			children = (
				8F31CB142068E30200C077DA /* Base */,
			);
			name = LaunchScreen.storyboard;
			sourceTree = "<group>";
		};
/* End PBXVariantGroup section */

/* Begin XCBuildConfiguration section */
		8F31CB192068E30200C077DA /* Debug */ = {
			isa = XCBuildConfiguration;
			buildSettings = {
				ALWAYS_SEARCH_USER_PATHS = NO;
				CLANG_ANALYZER_NONNULL = YES;
				CLANG_ANALYZER_NUMBER_OBJECT_CONVERSION = YES_AGGRESSIVE;
				CLANG_CXX_LANGUAGE_STANDARD = "gnu++14";
				CLANG_CXX_LIBRARY = "libc++";
				CLANG_ENABLE_MODULES = YES;
				CLANG_ENABLE_OBJC_ARC = YES;
				CLANG_WARN_BLOCK_CAPTURE_AUTORELEASING = YES;
				CLANG_WARN_BOOL_CONVERSION = YES;
				CLANG_WARN_COMMA = YES;
				CLANG_WARN_CONSTANT_CONVERSION = YES;
				CLANG_WARN_DIRECT_OBJC_ISA_USAGE = YES_ERROR;
				CLANG_WARN_DOCUMENTATION_COMMENTS = YES;
				CLANG_WARN_EMPTY_BODY = YES;
				CLANG_WARN_ENUM_CONVERSION = YES;
				CLANG_WARN_INFINITE_RECURSION = YES;
				CLANG_WARN_INT_CONVERSION = YES;
				CLANG_WARN_NON_LITERAL_NULL_CONVERSION = YES;
				CLANG_WARN_OBJC_LITERAL_CONVERSION = YES;
				CLANG_WARN_OBJC_ROOT_CLASS = YES_ERROR;
				CLANG_WARN_RANGE_LOOP_ANALYSIS = YES;
				CLANG_WARN_STRICT_PROTOTYPES = YES;
				CLANG_WARN_SUSPICIOUS_MOVE = YES;
				CLANG_WARN_UNGUARDED_AVAILABILITY = YES_AGGRESSIVE;
				CLANG_WARN_UNREACHABLE_CODE = YES;
				CLANG_WARN__DUPLICATE_METHOD_MATCH = YES;
				CODE_SIGN_IDENTITY = "iPhone Developer";
				COPY_PHASE_STRIP = NO;
				DEBUG_INFORMATION_FORMAT = dwarf;
				ENABLE_STRICT_OBJC_MSGSEND = YES;
				ENABLE_TESTABILITY = YES;
				GCC_C_LANGUAGE_STANDARD = gnu11;
				GCC_DYNAMIC_NO_PIC = NO;
				GCC_NO_COMMON_BLOCKS = YES;
				GCC_OPTIMIZATION_LEVEL = 0;
				GCC_PREPROCESSOR_DEFINITIONS = (
					"DEBUG=1",
					"$(inherited)",
				);
				GCC_WARN_64_TO_32_BIT_CONVERSION = YES;
				GCC_WARN_ABOUT_RETURN_TYPE = YES_ERROR;
				GCC_WARN_UNDECLARED_SELECTOR = YES;
				GCC_WARN_UNINITIALIZED_AUTOS = YES_AGGRESSIVE;
				GCC_WARN_UNUSED_FUNCTION = YES;
				GCC_WARN_UNUSED_VARIABLE = YES;
				IPHONEOS_DEPLOYMENT_TARGET = 11.2;
				MTL_ENABLE_DEBUG_INFO = YES;
				ONLY_ACTIVE_ARCH = YES;
				SDKROOT = iphoneos;
			};
			name = Debug;
		};
		8F31CB1A2068E30200C077DA /* Release */ = {
			isa = XCBuildConfiguration;
			buildSettings = {
				ALWAYS_SEARCH_USER_PATHS = NO;
				CLANG_ANALYZER_NONNULL = YES;
				CLANG_ANALYZER_NUMBER_OBJECT_CONVERSION = YES_AGGRESSIVE;
				CLANG_CXX_LANGUAGE_STANDARD = "gnu++14";
				CLANG_CXX_LIBRARY = "libc++";
				CLANG_ENABLE_MODULES = YES;
				CLANG_ENABLE_OBJC_ARC = YES;
				CLANG_WARN_BLOCK_CAPTURE_AUTORELEASING = YES;
				CLANG_WARN_BOOL_CONVERSION = YES;
				CLANG_WARN_COMMA = YES;
				CLANG_WARN_CONSTANT_CONVERSION = YES;
				CLANG_WARN_DIRECT_OBJC_ISA_USAGE = YES_ERROR;
				CLANG_WARN_DOCUMENTATION_COMMENTS = YES;
				CLANG_WARN_EMPTY_BODY = YES;
				CLANG_WARN_ENUM_CONVERSION = YES;
				CLANG_WARN_INFINITE_RECURSION = YES;
				CLANG_WARN_INT_CONVERSION = YES;
				CLANG_WARN_NON_LITERAL_NULL_CONVERSION = YES;
				CLANG_WARN_OBJC_LITERAL_CONVERSION = YES;
				CLANG_WARN_OBJC_ROOT_CLASS = YES_ERROR;
				CLANG_WARN_RANGE_LOOP_ANALYSIS = YES;
				CLANG_WARN_STRICT_PROTOTYPES = YES;
				CLANG_WARN_SUSPICIOUS_MOVE = YES;
				CLANG_WARN_UNGUARDED_AVAILABILITY = YES_AGGRESSIVE;
				CLANG_WARN_UNREACHABLE_CODE = YES;
				CLANG_WARN__DUPLICATE_METHOD_MATCH = YES;
				CODE_SIGN_IDENTITY = "iPhone Developer";
				COPY_PHASE_STRIP = NO;
				DEBUG_INFORMATION_FORMAT = "dwarf-with-dsym";
				ENABLE_NS_ASSERTIONS = NO;
				ENABLE_STRICT_OBJC_MSGSEND = YES;
				GCC_C_LANGUAGE_STANDARD = gnu11;
				GCC_NO_COMMON_BLOCKS = YES;
				GCC_WARN_64_TO_32_BIT_CONVERSION = YES;
				GCC_WARN_ABOUT_RETURN_TYPE = YES_ERROR;
				GCC_WARN_UNDECLARED_SELECTOR = YES;
				GCC_WARN_UNINITIALIZED_AUTOS = YES_AGGRESSIVE;
				GCC_WARN_UNUSED_FUNCTION = YES;
				GCC_WARN_UNUSED_VARIABLE = YES;
				IPHONEOS_DEPLOYMENT_TARGET = 11.2;
				MTL_ENABLE_DEBUG_INFO = NO;
				SDKROOT = iphoneos;
				VALIDATE_PRODUCT = YES;
			};
			name = Release;
		};
		8F31CB1C2068E30200C077DA /* Debug */ = {
			isa = XCBuildConfiguration;
			buildSettings = {
				ASSETCATALOG_COMPILER_APPICON_NAME = AppIcon;
				CODE_SIGN_STYLE = Automatic;
				DEVELOPMENT_TEAM = 6VAZGSKA8H;
				INFOPLIST_FILE = DemoMap/Info.plist;
				LD_RUNPATH_SEARCH_PATHS = "$(inherited) @executable_path/Frameworks";
				PRODUCT_BUNDLE_IDENTIFIER = com.sunxiaoshan.DemoMap;
				PRODUCT_NAME = "$(TARGET_NAME)";
				TARGETED_DEVICE_FAMILY = "1,2";
			};
			name = Debug;
		};
		8F31CB1D2068E30200C077DA /* Release */ = {
			isa = XCBuildConfiguration;
			buildSettings = {
				ASSETCATALOG_COMPILER_APPICON_NAME = AppIcon;
				CODE_SIGN_STYLE = Automatic;
				DEVELOPMENT_TEAM = 6VAZGSKA8H;
				INFOPLIST_FILE = DemoMap/Info.plist;
				LD_RUNPATH_SEARCH_PATHS = "$(inherited) @executable_path/Frameworks";
				PRODUCT_BUNDLE_IDENTIFIER = com.sunxiaoshan.DemoMap;
				PRODUCT_NAME = "$(TARGET_NAME)";
				TARGETED_DEVICE_FAMILY = "1,2";
			};
			name = Release;
		};
/* End XCBuildConfiguration section */

/* Begin XCConfigurationList section */
		8F31CB002068E30200C077DA /* Build configuration list for PBXProject "DemoMap" */ = {
			isa = XCConfigurationList;
			buildConfigurations = (
				8F31CB192068E30200C077DA /* Debug */,
				8F31CB1A2068E30200C077DA /* Release */,
			);
			defaultConfigurationIsVisible = 0;
			defaultConfigurationName = Release;
		};
		8F31CB1B2068E30200C077DA /* Build configuration list for PBXNativeTarget "DemoMap" */ = {
			isa = XCConfigurationList;
			buildConfigurations = (
				8F31CB1C2068E30200C077DA /* Debug */,
				8F31CB1D2068E30200C077DA /* Release */,
			);
			defaultConfigurationIsVisible = 0;
			defaultConfigurationName = Release;
		};
/* End XCConfigurationList section */
	};
	rootObject = 8F31CAFD2068E30200C077DA /* Project object */;
}
